hash: 2e314fed02854a54dbe69c1b730b64ed070bceb207b790d925fc02240f5fd506
updated: 2017-07-05T12:48:34.39482446-07:00
imports:
- name: github.com/emicklei/go-restful
  version: 380d11fa1d52d322f8f1ef256aa6b601e796e9a1
  subpackages:
  - log
- name: github.com/emicklei/go-restful-swagger12
  version: dcef7f55730566d41eae5db10e7d6981829720f6
- name: github.com/google/logger
  version: f7ee3f06fe52710d18e679d7fc19a6baec611139
- name: github.com/google/uuid
  version: 6a5e28554805e78ea6141142aba763936c4761c0
- name: github.com/mitchellh/mapstructure
  version: d0303fe809921458f417bcf828397a65db30a7e4
- name: github.com/SestroAI/shared
  version: fc8dce419dd3e94dc7ce4f3cea62368f72d03147
  subpackages:
  - config
  - dao
  - models/auth
  - models/restaurant
  - models/transactions
  - models/visits
  - routing
  - utils
- name: golang.org/x/sys
  version: 94b76065f2d2081d0fef24a6e67c571f51a6408a
  subpackages:
  - windows
  - windows/registry
  - windows/svc/eventlog
- name: gopkg.in/dgrijalva/jwt-go.v3
  version: d2709f9f1f31ebcda9651b03077758c1f3a0018c
testImports: []
