hash: b49cf2d59ce3ae48a237dda2ac106126b3c2b8fed30c201fdac27039cfce9e38
updated: 2017-09-23T16:37:04.164432485-07:00
imports:
- name: github.com/emicklei/go-restful
  version: 380d11fa1d52d322f8f1ef256aa6b601e796e9a1
  subpackages:
  - log
- name: github.com/emicklei/go-restful-swagger12
  version: dcef7f55730566d41eae5db10e7d6981829720f6
- name: github.com/garyburd/redigo
  version: 57f1cd7de6175c96b423e7ac2534ff2b39e2ef79
  subpackages:
  - internal
  - redis
- name: github.com/google/uuid
  version: 6a5e28554805e78ea6141142aba763936c4761c0
- name: github.com/mitchellh/mapstructure
  version: d0303fe809921458f417bcf828397a65db30a7e4
- name: github.com/SestroAI/shared
  version: d10918d24c73dab557500a2e86d77f64c872b74a
  subpackages:
  - config
  - dao
  - logger
  - models/auth
  - models/merchant
  - models/merchant/menu
  - models/transactions
  - models/visits
  - routing
  - utils
  - utils/errors
  - utils/sestro_redis
- name: gopkg.in/dgrijalva/jwt-go.v3
  version: d2709f9f1f31ebcda9651b03077758c1f3a0018c
testImports: []
