hash: b8e8a2826f2d9dc4fb8ab91c2cb9bff85130ee3e0c1fec950e9c9480c8be5203
updated: 2017-12-02T17:53:15.861012084-08:00
imports:
- name: cloud.google.com/go
  version: f6de2c509ed9d2af648c3c147207eaaf97149aed
  subpackages:
  - compute/metadata
  - iam
  - internal/version
  - pubsub
  - pubsub/apiv1
- name: firebase.google.com/go
  version: 0e396e8ea044ffd5fca3e2d2e514b88cddb9abaa
  subpackages:
  - auth
  - internal
- name: github.com/dgrijalva/jwt-go
  version: a539ee1a749a2b895533f979515ac7e6e0f5b650
- name: github.com/emicklei/go-restful
  version: 2dd44038f0b95ae693b266c5f87593b5d2fdd78d
  subpackages:
  - log
- name: github.com/emicklei/go-restful-swagger12
  version: dcef7f55730566d41eae5db10e7d6981829720f6
- name: github.com/garyburd/redigo
  version: 57f1cd7de6175c96b423e7ac2534ff2b39e2ef79
  subpackages:
  - internal
  - redis
- name: github.com/golang/protobuf
  version: 130e6b02ab059e7b717a096f397c5b60111cae74
  subpackages:
  - proto
  - protoc-gen-go/descriptor
  - ptypes
  - ptypes/any
  - ptypes/duration
  - ptypes/empty
  - ptypes/timestamp
- name: github.com/google/uuid
  version: 6a5e28554805e78ea6141142aba763936c4761c0
- name: github.com/googleapis/gax-go
  version: 317e0006254c44a0ac427cc52a0e083ff0b9622f
- name: github.com/mitchellh/mapstructure
  version: d0303fe809921458f417bcf828397a65db30a7e4
- name: github.com/SestroAI/shared
  version: 7472280eba679fc848ddab4215b44904210ae7f2
  subpackages:
  - config
  - dao
  - firebase/admin
  - firebase/messaging
  - firebase/service
  - logger
  - models/auth
  - models/merchant
  - models/merchant/menu
  - models/orders
  - models/transactions
  - models/visits
  - routing
  - utils
  - utils/errors
  - utils/sestro_redis
- name: github.com/stripe/stripe-go
  version: 2568e0f2a1ab55fa486a10e8d6797d2dce0c70b5
  subpackages:
  - form
  - orderitem
- name: golang.org/x/net
  version: 0744d001aa8470aaa53df28d32e5ceeb8af9bd70
  subpackages:
  - context
  - context/ctxhttp
  - http2
  - http2/hpack
  - idna
  - internal/timeseries
  - lex/httplex
  - trace
- name: golang.org/x/oauth2
  version: 13449ad91cb26cb47661c1b080790392170385fd
  subpackages:
  - google
  - internal
  - jws
  - jwt
- name: golang.org/x/sync
  version: 8e0aa688b654ef28caa72506fa5ec8dba9fc7690
  subpackages:
  - errgroup
  - semaphore
- name: golang.org/x/text
  version: 1cbadb444a806fd9430d14ad08967ed91da4fa0a
  subpackages:
  - secure/bidirule
  - transform
  - unicode/bidi
  - unicode/norm
- name: google.golang.org/api
  version: c37f2bf2819e28a3885f240b350978f3f833be30
  subpackages:
  - googleapi/transport
  - internal
  - iterator
  - option
  - support/bundler
  - transport
  - transport/grpc
  - transport/http
- name: google.golang.org/appengine
  version: 24e4144ec923c2374f6b06610c0df16a9222c3d9
  subpackages:
  - internal
  - internal/app_identity
  - internal/base
  - internal/datastore
  - internal/log
  - internal/modules
  - internal/remote_api
  - internal/socket
  - internal/urlfetch
  - socket
  - urlfetch
- name: google.golang.org/genproto
  version: 1e559d0a00eef8a9a43151db4665280bd8dd5886
  subpackages:
  - googleapis/api/annotations
  - googleapis/iam/v1
  - googleapis/pubsub/v1
  - googleapis/rpc/status
  - protobuf/field_mask
- name: google.golang.org/grpc
  version: 8843b88facb0e46ddb1ab188bff165e3dd6e04f6
  subpackages:
  - balancer
  - codes
  - connectivity
  - credentials
  - credentials/oauth
  - grpclb/grpc_lb_v1/messages
  - grpclog
  - internal
  - keepalive
  - metadata
  - naming
  - peer
  - resolver
  - stats
  - status
  - tap
  - transport
- name: gopkg.in/dgrijalva/jwt-go.v3
  version: d2709f9f1f31ebcda9651b03077758c1f3a0018c
testImports: []
